
Microsoft Visual Studio Solution File, Format Version 12.00
# Visual Studio Version 17
VisualStudioVersion = 17.12.35527.113
MinimumVisualStudioVersion = 10.0.40219.1
Project("{2150E333-8FDC-42A3-9474-1A3956D46DE8}") = "src", "src", "{F9A5F797-FBB6-461D-ACD0-B70A3B2C0A25}"
EndProject
Project("{2150E333-8FDC-42A3-9474-1A3956D46DE8}") = "3. Tracker", "3. Tracker", "{DB0F059F-7928-40E5-8AB1-2B6CD5C59063}"
EndProject
Project("{FAE04EC0-301F-11D3-BF4B-00C04F79EFBC}") = "Tracker.Api", "src\Tracker\Tracker.Api\Tracker.Api.csproj", "{D2096939-4F65-4794-9EF0-F56F0547DFBB}"
EndProject
Project("{2150E333-8FDC-42A3-9474-1A3956D46DE8}") = "2. Identity", "2. Identity", "{3CB2BB25-9C9F-4FFE-A645-AE36DC0C7885}"
EndProject
Project("{FAE04EC0-301F-11D3-BF4B-00C04F79EFBC}") = "Identity.Api", "src\Identity\Identity.Api\Identity.Api.csproj", "{C13E361A-44CF-4875-853D-617F85325A16}"
EndProject
Project("{2150E333-8FDC-42A3-9474-1A3956D46DE8}") = "1. Gateway", "1. Gateway", "{78B5331F-87E4-4848-949E-0386721DD8AA}"
EndProject
Project("{2150E333-8FDC-42A3-9474-1A3956D46DE8}") = "4. Shared", "4. Shared", "{02EA681E-C7D8-13C7-8484-4AC65E1B71E8}"
EndProject
Project("{FAE04EC0-301F-11D3-BF4B-00C04F79EFBC}") = "Shared.Service", "src\Shared\Shared.Service\Shared.Service.csproj", "{71351169-D3B9-4DBA-9ECF-1FB6D0066FC6}"
EndProject
Project("{FAE04EC0-301F-11D3-BF4B-00C04F79EFBC}") = "ApiGateway", "src\Gateway\ApiGateway\ApiGateway.csproj", "{E3C8B8AC-CBC4-43C5-AE1F-4926DAF1DBD1}"
EndProject
Project("{FAE04EC0-301F-11D3-BF4B-00C04F79EFBC}") = "Shared.Domain", "src\Shared\Shared.Domain\Shared.Domain.csproj", "{E16E43EE-3A36-48EC-90DD-66A902EA91DA}"
EndProject
Project("{FAE04EC0-301F-11D3-BF4B-00C04F79EFBC}") = "Shared.Repository", "src\Shared\Shared.Repository\Shared.Repository.csproj", "{0F1EEE29-1BF1-4C1A-9C59-70E776939E37}"
EndProject
Project("{FAE04EC0-301F-11D3-BF4B-00C04F79EFBC}") = "Shared.Presentation", "src\Shared\Shared.Presentation\Shared.Presentation.csproj", "{C7F8B17B-22D6-42DA-B7C4-38CA51D01261}"
EndProject
Project("{2150E333-8FDC-42A3-9474-1A3956D46DE8}") = "Solution Items", "Solution Items", "{1F640845-7FDA-4BF4-9A29-AE664E7F68B9}"
	ProjectSection(SolutionItems) = preProject
		src\Directory.Packages.props = src\Directory.Packages.props
	EndProjectSection
EndProject
Project("{FAE04EC0-301F-11D3-BF4B-00C04F79EFBC}") = "Shared.Autofac", "src\Shared\Shared.Autofac\Shared.Autofac.csproj", "{4B6A774B-A3B6-21A8-FAB3-4A799C99EBDA}"
EndProject
Project("{FAE04EC0-301F-11D3-BF4B-00C04F79EFBC}") = "Shared.ExceptionHandler", "src\Shared\Shared.ExceptionHandler\Shared.ExceptionHandler.csproj", "{3CB4B85E-08A0-4A3D-AACC-E87317B0687A}"
EndProject
Project("{FAE04EC0-301F-11D3-BF4B-00C04F79EFBC}") = "Shared.Serilog", "src\Shared\Shared.Serilog\Shared.Serilog.csproj", "{7451433C-8249-4AF1-B101-2ED46A75D5B7}"
EndProject
Project("{FAE04EC0-301F-11D3-BF4B-00C04F79EFBC}") = "Shared.Lib", "src\Shared\Shared.Lib\Shared.Lib.csproj", "{9AEFCA5D-E9ED-45EC-817B-9574BC1DA94E}"
EndProject
Global
	GlobalSection(SolutionConfigurationPlatforms) = preSolution
		Debug|Any CPU = Debug|Any CPU
		Release|Any CPU = Release|Any CPU
	EndGlobalSection
	GlobalSection(ProjectConfigurationPlatforms) = postSolution
		{D2096939-4F65-4794-9EF0-F56F0547DFBB}.Debug|Any CPU.ActiveCfg = Debug|Any CPU
		{D2096939-4F65-4794-9EF0-F56F0547DFBB}.Debug|Any CPU.Build.0 = Debug|Any CPU
		{D2096939-4F65-4794-9EF0-F56F0547DFBB}.Release|Any CPU.ActiveCfg = Release|Any CPU
		{D2096939-4F65-4794-9EF0-F56F0547DFBB}.Release|Any CPU.Build.0 = Release|Any CPU
		{C13E361A-44CF-4875-853D-617F85325A16}.Debug|Any CPU.ActiveCfg = Debug|Any CPU
		{C13E361A-44CF-4875-853D-617F85325A16}.Debug|Any CPU.Build.0 = Debug|Any CPU
		{C13E361A-44CF-4875-853D-617F85325A16}.Release|Any CPU.ActiveCfg = Release|Any CPU
		{C13E361A-44CF-4875-853D-617F85325A16}.Release|Any CPU.Build.0 = Release|Any CPU
		{71351169-D3B9-4DBA-9ECF-1FB6D0066FC6}.Debug|Any CPU.ActiveCfg = Debug|Any CPU
		{71351169-D3B9-4DBA-9ECF-1FB6D0066FC6}.Debug|Any CPU.Build.0 = Debug|Any CPU
		{71351169-D3B9-4DBA-9ECF-1FB6D0066FC6}.Release|Any CPU.ActiveCfg = Release|Any CPU
		{71351169-D3B9-4DBA-9ECF-1FB6D0066FC6}.Release|Any CPU.Build.0 = Release|Any CPU
		{E3C8B8AC-CBC4-43C5-AE1F-4926DAF1DBD1}.Debug|Any CPU.ActiveCfg = Debug|Any CPU
		{E3C8B8AC-CBC4-43C5-AE1F-4926DAF1DBD1}.Debug|Any CPU.Build.0 = Debug|Any CPU
		{E3C8B8AC-CBC4-43C5-AE1F-4926DAF1DBD1}.Release|Any CPU.ActiveCfg = Release|Any CPU
		{E3C8B8AC-CBC4-43C5-AE1F-4926DAF1DBD1}.Release|Any CPU.Build.0 = Release|Any CPU
		{E16E43EE-3A36-48EC-90DD-66A902EA91DA}.Debug|Any CPU.ActiveCfg = Debug|Any CPU
		{E16E43EE-3A36-48EC-90DD-66A902EA91DA}.Debug|Any CPU.Build.0 = Debug|Any CPU
		{E16E43EE-3A36-48EC-90DD-66A902EA91DA}.Release|Any CPU.ActiveCfg = Release|Any CPU
		{E16E43EE-3A36-48EC-90DD-66A902EA91DA}.Release|Any CPU.Build.0 = Release|Any CPU
		{0F1EEE29-1BF1-4C1A-9C59-70E776939E37}.Debug|Any CPU.ActiveCfg = Debug|Any CPU
		{0F1EEE29-1BF1-4C1A-9C59-70E776939E37}.Debug|Any CPU.Build.0 = Debug|Any CPU
		{0F1EEE29-1BF1-4C1A-9C59-70E776939E37}.Release|Any CPU.ActiveCfg = Release|Any CPU
		{0F1EEE29-1BF1-4C1A-9C59-70E776939E37}.Release|Any CPU.Build.0 = Release|Any CPU
		{C7F8B17B-22D6-42DA-B7C4-38CA51D01261}.Debug|Any CPU.ActiveCfg = Debug|Any CPU
		{C7F8B17B-22D6-42DA-B7C4-38CA51D01261}.Debug|Any CPU.Build.0 = Debug|Any CPU
		{C7F8B17B-22D6-42DA-B7C4-38CA51D01261}.Release|Any CPU.ActiveCfg = Release|Any CPU
		{C7F8B17B-22D6-42DA-B7C4-38CA51D01261}.Release|Any CPU.Build.0 = Release|Any CPU
		{4B6A774B-A3B6-21A8-FAB3-4A799C99EBDA}.Debug|Any CPU.ActiveCfg = Debug|Any CPU
		{4B6A774B-A3B6-21A8-FAB3-4A799C99EBDA}.Debug|Any CPU.Build.0 = Debug|Any CPU
		{4B6A774B-A3B6-21A8-FAB3-4A799C99EBDA}.Release|Any CPU.ActiveCfg = Release|Any CPU
		{4B6A774B-A3B6-21A8-FAB3-4A799C99EBDA}.Release|Any CPU.Build.0 = Release|Any CPU
		{3CB4B85E-08A0-4A3D-AACC-E87317B0687A}.Debug|Any CPU.ActiveCfg = Debug|Any CPU
		{3CB4B85E-08A0-4A3D-AACC-E87317B0687A}.Debug|Any CPU.Build.0 = Debug|Any CPU
		{3CB4B85E-08A0-4A3D-AACC-E87317B0687A}.Release|Any CPU.ActiveCfg = Release|Any CPU
		{3CB4B85E-08A0-4A3D-AACC-E87317B0687A}.Release|Any CPU.Build.0 = Release|Any CPU
		{7451433C-8249-4AF1-B101-2ED46A75D5B7}.Debug|Any CPU.ActiveCfg = Debug|Any CPU
		{7451433C-8249-4AF1-B101-2ED46A75D5B7}.Debug|Any CPU.Build.0 = Debug|Any CPU
		{7451433C-8249-4AF1-B101-2ED46A75D5B7}.Release|Any CPU.ActiveCfg = Release|Any CPU
		{7451433C-8249-4AF1-B101-2ED46A75D5B7}.Release|Any CPU.Build.0 = Release|Any CPU
		{9AEFCA5D-E9ED-45EC-817B-9574BC1DA94E}.Debug|Any CPU.ActiveCfg = Debug|Any CPU
		{9AEFCA5D-E9ED-45EC-817B-9574BC1DA94E}.Debug|Any CPU.Build.0 = Debug|Any CPU
		{9AEFCA5D-E9ED-45EC-817B-9574BC1DA94E}.Release|Any CPU.ActiveCfg = Release|Any CPU
		{9AEFCA5D-E9ED-45EC-817B-9574BC1DA94E}.Release|Any CPU.Build.0 = Release|Any CPU
	EndGlobalSection
	GlobalSection(SolutionProperties) = preSolution
		HideSolutionNode = FALSE
	EndGlobalSection
	GlobalSection(NestedProjects) = preSolution
		{DB0F059F-7928-40E5-8AB1-2B6CD5C59063} = {F9A5F797-FBB6-461D-ACD0-B70A3B2C0A25}
		{D2096939-4F65-4794-9EF0-F56F0547DFBB} = {DB0F059F-7928-40E5-8AB1-2B6CD5C59063}
		{3CB2BB25-9C9F-4FFE-A645-AE36DC0C7885} = {F9A5F797-FBB6-461D-ACD0-B70A3B2C0A25}
		{C13E361A-44CF-4875-853D-617F85325A16} = {3CB2BB25-9C9F-4FFE-A645-AE36DC0C7885}
		{78B5331F-87E4-4848-949E-0386721DD8AA} = {F9A5F797-FBB6-461D-ACD0-B70A3B2C0A25}
		{02EA681E-C7D8-13C7-8484-4AC65E1B71E8} = {F9A5F797-FBB6-461D-ACD0-B70A3B2C0A25}
		{71351169-D3B9-4DBA-9ECF-1FB6D0066FC6} = {02EA681E-C7D8-13C7-8484-4AC65E1B71E8}
		{E3C8B8AC-CBC4-43C5-AE1F-4926DAF1DBD1} = {78B5331F-87E4-4848-949E-0386721DD8AA}
		{E16E43EE-3A36-48EC-90DD-66A902EA91DA} = {02EA681E-C7D8-13C7-8484-4AC65E1B71E8}
		{0F1EEE29-1BF1-4C1A-9C59-70E776939E37} = {02EA681E-C7D8-13C7-8484-4AC65E1B71E8}
		{C7F8B17B-22D6-42DA-B7C4-38CA51D01261} = {02EA681E-C7D8-13C7-8484-4AC65E1B71E8}
		{4B6A774B-A3B6-21A8-FAB3-4A799C99EBDA} = {02EA681E-C7D8-13C7-8484-4AC65E1B71E8}
		{3CB4B85E-08A0-4A3D-AACC-E87317B0687A} = {02EA681E-C7D8-13C7-8484-4AC65E1B71E8}
		{7451433C-8249-4AF1-B101-2ED46A75D5B7} = {02EA681E-C7D8-13C7-8484-4AC65E1B71E8}
		{9AEFCA5D-E9ED-45EC-817B-9574BC1DA94E} = {02EA681E-C7D8-13C7-8484-4AC65E1B71E8}
	EndGlobalSection
	GlobalSection(ExtensibilityGlobals) = postSolution
		SolutionGuid = {4B69F414-3CE9-442D-89BD-5E96354099B1}
	EndGlobalSection
EndGlobal
